// !$*UTF8*$!
{
	archiveVersion = 1;
	classes = {
	};
	objectVersion = 55;
	objects = {

/* Begin PBXBuildFile section */
		683D00ED2815B1B800457827 /* MainMoodCell.swift in Sources */ = {isa = PBXBuildFile; fileRef = 683D00EB2815B1B800457827 /* MainMoodCell.swift */; };
		683D00EE2815B1B800457827 /* MainMoodCell.xib in Resources */ = {isa = PBXBuildFile; fileRef = 683D00EC2815B1B800457827 /* MainMoodCell.xib */; };
		683D00F12815B1E400457827 /* SliderCell.swift in Sources */ = {isa = PBXBuildFile; fileRef = 683D00EF2815B1E400457827 /* SliderCell.swift */; };
		683D00F22815B1E400457827 /* SliderCell.xib in Resources */ = {isa = PBXBuildFile; fileRef = 683D00F02815B1E400457827 /* SliderCell.xib */; };
		6845E9462810D94100B99024 /* MoodCell.swift in Sources */ = {isa = PBXBuildFile; fileRef = 6845E9442810D94100B99024 /* MoodCell.swift */; };
		6845E9472810D94100B99024 /* MoodCell.xib in Resources */ = {isa = PBXBuildFile; fileRef = 6845E9452810D94100B99024 /* MoodCell.xib */; };
		68A9C1682815B7B600FD264A /* Ext+UITableViewCell.swift in Sources */ = {isa = PBXBuildFile; fileRef = 68A9C1672815B7B600FD264A /* Ext+UITableViewCell.swift */; };
		68A9C1712815CCC900FD264A /* MoodDescriptionCell.swift in Sources */ = {isa = PBXBuildFile; fileRef = 68A9C16F2815CCC900FD264A /* MoodDescriptionCell.swift */; };
		68A9C1722815CCC900FD264A /* MoodDescriptionCell.xib in Resources */ = {isa = PBXBuildFile; fileRef = 68A9C1702815CCC900FD264A /* MoodDescriptionCell.xib */; };
		68A9C1752815DB9A00FD264A /* MoodsCell.swift in Sources */ = {isa = PBXBuildFile; fileRef = 68A9C1732815DB9A00FD264A /* MoodsCell.swift */; };
		68A9C1762815DB9A00FD264A /* MoodsCell.xib in Resources */ = {isa = PBXBuildFile; fileRef = 68A9C1742815DB9A00FD264A /* MoodsCell.xib */; };
		68C5A0342812192F00AC5F18 /* CoreTableView in Frameworks */ = {isa = PBXBuildFile; productRef = 68C5A0332812192F00AC5F18 /* CoreTableView */; };
		68C5A03628121DF900AC5F18 /* MoodChooserManager.swift in Sources */ = {isa = PBXBuildFile; fileRef = 68C5A03528121DF900AC5F18 /* MoodChooserManager.swift */; };
		68FCA6F32810911A004EDCED /* MoodChooserView.swift in Sources */ = {isa = PBXBuildFile; fileRef = 68FCA6F22810911A004EDCED /* MoodChooserView.swift */; };
		68FCA6F528109126004EDCED /* MoodChooserView.xib in Resources */ = {isa = PBXBuildFile; fileRef = 68FCA6F428109126004EDCED /* MoodChooserView.xib */; };
		68FCA6F728109207004EDCED /* MoodChooser.strings in Resources */ = {isa = PBXBuildFile; fileRef = 68FCA6F628109207004EDCED /* MoodChooser.strings */; };
		68FCA6F928109216004EDCED /* MoodChooser.xcassets in Resources */ = {isa = PBXBuildFile; fileRef = 68FCA6F828109216004EDCED /* MoodChooser.xcassets */; };
		68FCA6FB281094B3004EDCED /* MoodChooserController.swift in Sources */ = {isa = PBXBuildFile; fileRef = 68FCA6FA281094B3004EDCED /* MoodChooserController.swift */; };
		6D748FB527D63FF2006CBA91 /* AppDelegate.swift in Sources */ = {isa = PBXBuildFile; fileRef = 6D748FB427D63FF2006CBA91 /* AppDelegate.swift */; };
		6D748FB727D63FF2006CBA91 /* SceneDelegate.swift in Sources */ = {isa = PBXBuildFile; fileRef = 6D748FB627D63FF2006CBA91 /* SceneDelegate.swift */; };
		6D748FBE27D63FF4006CBA91 /* Assets.xcassets in Resources */ = {isa = PBXBuildFile; fileRef = 6D748FBD27D63FF4006CBA91 /* Assets.xcassets */; };
		6D748FD427D64867006CBA91 /* UI_Colors.swift in Sources */ = {isa = PBXBuildFile; fileRef = 6D748FD327D64867006CBA91 /* UI_Colors.swift */; };
		6D748FD727D64919006CBA91 /* UI_Colors.xcassets in Resources */ = {isa = PBXBuildFile; fileRef = 6D748FD627D64919006CBA91 /* UI_Colors.xcassets */; };
		6D748FD927D64934006CBA91 /* UI_Typography.swift in Sources */ = {isa = PBXBuildFile; fileRef = 6D748FD827D64934006CBA91 /* UI_Typography.swift */; };
		6D748FE227D64B49006CBA91 /* String+LocalizedBundleTableName.swift in Sources */ = {isa = PBXBuildFile; fileRef = 6D748FDC27D64B49006CBA91 /* String+LocalizedBundleTableName.swift */; };
		6D748FE327D64B49006CBA91 /* String+LocalizeBundle.swift in Sources */ = {isa = PBXBuildFile; fileRef = 6D748FDD27D64B49006CBA91 /* String+LocalizeBundle.swift */; };
		6D748FE427D64B49006CBA91 /* String+LocalizeTableName.swift in Sources */ = {isa = PBXBuildFile; fileRef = 6D748FDE27D64B49006CBA91 /* String+LocalizeTableName.swift */; };
		6D748FE527D64B49006CBA91 /* Localize.swift in Sources */ = {isa = PBXBuildFile; fileRef = 6D748FDF27D64B49006CBA91 /* Localize.swift */; };
		6D748FE627D64B49006CBA91 /* IBDesignable+Localize.swift in Sources */ = {isa = PBXBuildFile; fileRef = 6D748FE127D64B49006CBA91 /* IBDesignable+Localize.swift */; };
		6D748FF627D64D0D006CBA91 /* Ext+UIView.swift in Sources */ = {isa = PBXBuildFile; fileRef = 6D748FF527D64D0D006CBA91 /* Ext+UIView.swift */; };
		6D748FF927D64D2B006CBA91 /* BaseController.swift in Sources */ = {isa = PBXBuildFile; fileRef = 6D748FF827D64D2B006CBA91 /* BaseController.swift */; };
		6D748FFB27D64D43006CBA91 /* BaseView.swift in Sources */ = {isa = PBXBuildFile; fileRef = 6D748FFA27D64D43006CBA91 /* BaseView.swift */; };
		6D74902827D65F3B006CBA91 /* Ext+String.swift in Sources */ = {isa = PBXBuildFile; fileRef = 6D74901227D65F3B006CBA91 /* Ext+String.swift */; };
		6D74902A27D65F3B006CBA91 /* SafeIndex.swift in Sources */ = {isa = PBXBuildFile; fileRef = 6D74901427D65F3B006CBA91 /* SafeIndex.swift */; };
		6DBDF39A27EF655A00CEEB08 /* LaunchView.storyboard in Resources */ = {isa = PBXBuildFile; fileRef = 6DBDF39927EF655A00CEEB08 /* LaunchView.storyboard */; };
		6DBDF39C27EF664D00CEEB08 /* Splash.xcassets in Resources */ = {isa = PBXBuildFile; fileRef = 6DBDF39B27EF664D00CEEB08 /* Splash.xcassets */; };
		6DBDF39E27EF665A00CEEB08 /* Splash.strings in Resources */ = {isa = PBXBuildFile; fileRef = 6DBDF39D27EF665A00CEEB08 /* Splash.strings */; };
		6DBDF3A427EF6FDD00CEEB08 /* SplashView.swift in Sources */ = {isa = PBXBuildFile; fileRef = 6DBDF3A327EF6FDD00CEEB08 /* SplashView.swift */; };
		6DBDF3A627EF6FEB00CEEB08 /* SplashView.xib in Resources */ = {isa = PBXBuildFile; fileRef = 6DBDF3A527EF6FEB00CEEB08 /* SplashView.xib */; };
		6DBDF3A827EF722E00CEEB08 /* SplashController.swift in Sources */ = {isa = PBXBuildFile; fileRef = 6DBDF3A727EF722E00CEEB08 /* SplashController.swift */; };
		6DBDF3B327EF7CAE00CEEB08 /* SplashStateManager.swift in Sources */ = {isa = PBXBuildFile; fileRef = 6DBDF3B227EF7CAE00CEEB08 /* SplashStateManager.swift */; };
		6DBDF3B527EF805000CEEB08 /* AppStorage.swift in Sources */ = {isa = PBXBuildFile; fileRef = 6DBDF3B427EF805000CEEB08 /* AppStorage.swift */; };
		6DBDF3BB27EF81FE00CEEB08 /* OnBoardingController.swift in Sources */ = {isa = PBXBuildFile; fileRef = 6DBDF3BA27EF81FE00CEEB08 /* OnBoardingController.swift */; };
		6DBDF3BE27EF841400CEEB08 /* OnBoardingView.swift in Sources */ = {isa = PBXBuildFile; fileRef = 6DBDF3BD27EF841400CEEB08 /* OnBoardingView.swift */; };
		6DBDF3C027EF841C00CEEB08 /* OnBoardingView.xib in Resources */ = {isa = PBXBuildFile; fileRef = 6DBDF3BF27EF841C00CEEB08 /* OnBoardingView.xib */; };
		6DBDF3C227EF872D00CEEB08 /* OnBoarding.xcassets in Resources */ = {isa = PBXBuildFile; fileRef = 6DBDF3C127EF872D00CEEB08 /* OnBoarding.xcassets */; };
		6DBDF3C427EF873800CEEB08 /* OnBoarding.strings in Resources */ = {isa = PBXBuildFile; fileRef = 6DBDF3C327EF873800CEEB08 /* OnBoarding.strings */; };
		6DBDF3D227EF90E700CEEB08 /* OnBoardingCollectionCell.swift in Sources */ = {isa = PBXBuildFile; fileRef = 6DBDF3D027EF90E700CEEB08 /* OnBoardingCollectionCell.swift */; };
		6DBDF3D327EF90E700CEEB08 /* OnBoardingCollectionCell.xib in Resources */ = {isa = PBXBuildFile; fileRef = 6DBDF3D127EF90E700CEEB08 /* OnBoardingCollectionCell.xib */; };
		6DBDF3E027EF91BF00CEEB08 /* Ext+UICollectionViewCell.swift in Sources */ = {isa = PBXBuildFile; fileRef = 6DBDF3DF27EF91BF00CEEB08 /* Ext+UICollectionViewCell.swift */; };
		6DBDF3E727EFC1F400CEEB08 /* OnBoardingStateManager.swift in Sources */ = {isa = PBXBuildFile; fileRef = 6DBDF3E627EFC1F400CEEB08 /* OnBoardingStateManager.swift */; };
		6DBDF3E927EFC8FC00CEEB08 /* Ext+UIApplication.swift in Sources */ = {isa = PBXBuildFile; fileRef = 6DBDF3E827EFC8FC00CEEB08 /* Ext+UIApplication.swift */; };
/* End PBXBuildFile section */

/* Begin PBXFileReference section */
		683D00EB2815B1B800457827 /* MainMoodCell.swift */ = {isa = PBXFileReference; lastKnownFileType = sourcecode.swift; path = MainMoodCell.swift; sourceTree = "<group>"; };
		683D00EC2815B1B800457827 /* MainMoodCell.xib */ = {isa = PBXFileReference; lastKnownFileType = file.xib; path = MainMoodCell.xib; sourceTree = "<group>"; };
		683D00EF2815B1E400457827 /* SliderCell.swift */ = {isa = PBXFileReference; lastKnownFileType = sourcecode.swift; path = SliderCell.swift; sourceTree = "<group>"; };
		683D00F02815B1E400457827 /* SliderCell.xib */ = {isa = PBXFileReference; lastKnownFileType = file.xib; path = SliderCell.xib; sourceTree = "<group>"; };
		6845E9442810D94100B99024 /* MoodCell.swift */ = {isa = PBXFileReference; lastKnownFileType = sourcecode.swift; path = MoodCell.swift; sourceTree = "<group>"; };
		6845E9452810D94100B99024 /* MoodCell.xib */ = {isa = PBXFileReference; lastKnownFileType = file.xib; path = MoodCell.xib; sourceTree = "<group>"; };
		68A9C1672815B7B600FD264A /* Ext+UITableViewCell.swift */ = {isa = PBXFileReference; lastKnownFileType = sourcecode.swift; path = "Ext+UITableViewCell.swift"; sourceTree = "<group>"; };
		68A9C16F2815CCC900FD264A /* MoodDescriptionCell.swift */ = {isa = PBXFileReference; lastKnownFileType = sourcecode.swift; path = MoodDescriptionCell.swift; sourceTree = "<group>"; };
		68A9C1702815CCC900FD264A /* MoodDescriptionCell.xib */ = {isa = PBXFileReference; lastKnownFileType = file.xib; path = MoodDescriptionCell.xib; sourceTree = "<group>"; };
		68A9C1732815DB9A00FD264A /* MoodsCell.swift */ = {isa = PBXFileReference; lastKnownFileType = sourcecode.swift; path = MoodsCell.swift; sourceTree = "<group>"; };
		68A9C1742815DB9A00FD264A /* MoodsCell.xib */ = {isa = PBXFileReference; lastKnownFileType = file.xib; path = MoodsCell.xib; sourceTree = "<group>"; };
		68C5A03528121DF900AC5F18 /* MoodChooserManager.swift */ = {isa = PBXFileReference; lastKnownFileType = sourcecode.swift; path = MoodChooserManager.swift; sourceTree = "<group>"; };
		68FCA6F22810911A004EDCED /* MoodChooserView.swift */ = {isa = PBXFileReference; lastKnownFileType = sourcecode.swift; path = MoodChooserView.swift; sourceTree = "<group>"; };
		68FCA6F428109126004EDCED /* MoodChooserView.xib */ = {isa = PBXFileReference; lastKnownFileType = file.xib; path = MoodChooserView.xib; sourceTree = "<group>"; };
		68FCA6F628109207004EDCED /* MoodChooser.strings */ = {isa = PBXFileReference; lastKnownFileType = text.plist.strings; path = MoodChooser.strings; sourceTree = "<group>"; };
		68FCA6F828109216004EDCED /* MoodChooser.xcassets */ = {isa = PBXFileReference; lastKnownFileType = folder.assetcatalog; path = MoodChooser.xcassets; sourceTree = "<group>"; };
		68FCA6FA281094B3004EDCED /* MoodChooserController.swift */ = {isa = PBXFileReference; lastKnownFileType = sourcecode.swift; path = MoodChooserController.swift; sourceTree = "<group>"; };
		6D748FB127D63FF2006CBA91 /* moodify-ios.app */ = {isa = PBXFileReference; explicitFileType = wrapper.application; includeInIndex = 0; path = "moodify-ios.app"; sourceTree = BUILT_PRODUCTS_DIR; };
		6D748FB427D63FF2006CBA91 /* AppDelegate.swift */ = {isa = PBXFileReference; lastKnownFileType = sourcecode.swift; path = AppDelegate.swift; sourceTree = "<group>"; };
		6D748FB627D63FF2006CBA91 /* SceneDelegate.swift */ = {isa = PBXFileReference; lastKnownFileType = sourcecode.swift; path = SceneDelegate.swift; sourceTree = "<group>"; };
		6D748FBD27D63FF4006CBA91 /* Assets.xcassets */ = {isa = PBXFileReference; lastKnownFileType = folder.assetcatalog; path = Assets.xcassets; sourceTree = "<group>"; };
		6D748FC227D63FF4006CBA91 /* Info.plist */ = {isa = PBXFileReference; lastKnownFileType = text.plist.xml; path = Info.plist; sourceTree = "<group>"; };
		6D748FD327D64867006CBA91 /* UI_Colors.swift */ = {isa = PBXFileReference; lastKnownFileType = sourcecode.swift; path = UI_Colors.swift; sourceTree = "<group>"; };
		6D748FD627D64919006CBA91 /* UI_Colors.xcassets */ = {isa = PBXFileReference; lastKnownFileType = folder.assetcatalog; path = UI_Colors.xcassets; sourceTree = "<group>"; };
		6D748FD827D64934006CBA91 /* UI_Typography.swift */ = {isa = PBXFileReference; lastKnownFileType = sourcecode.swift; path = UI_Typography.swift; sourceTree = "<group>"; };
		6D748FDC27D64B49006CBA91 /* String+LocalizedBundleTableName.swift */ = {isa = PBXFileReference; fileEncoding = 4; lastKnownFileType = sourcecode.swift; path = "String+LocalizedBundleTableName.swift"; sourceTree = "<group>"; };
		6D748FDD27D64B49006CBA91 /* String+LocalizeBundle.swift */ = {isa = PBXFileReference; fileEncoding = 4; lastKnownFileType = sourcecode.swift; path = "String+LocalizeBundle.swift"; sourceTree = "<group>"; };
		6D748FDE27D64B49006CBA91 /* String+LocalizeTableName.swift */ = {isa = PBXFileReference; fileEncoding = 4; lastKnownFileType = sourcecode.swift; path = "String+LocalizeTableName.swift"; sourceTree = "<group>"; };
		6D748FDF27D64B49006CBA91 /* Localize.swift */ = {isa = PBXFileReference; fileEncoding = 4; lastKnownFileType = sourcecode.swift; path = Localize.swift; sourceTree = "<group>"; };
		6D748FE127D64B49006CBA91 /* IBDesignable+Localize.swift */ = {isa = PBXFileReference; fileEncoding = 4; lastKnownFileType = sourcecode.swift; path = "IBDesignable+Localize.swift"; sourceTree = "<group>"; };
		6D748FF527D64D0D006CBA91 /* Ext+UIView.swift */ = {isa = PBXFileReference; lastKnownFileType = sourcecode.swift; path = "Ext+UIView.swift"; sourceTree = "<group>"; };
		6D748FF827D64D2B006CBA91 /* BaseController.swift */ = {isa = PBXFileReference; lastKnownFileType = sourcecode.swift; path = BaseController.swift; sourceTree = "<group>"; };
		6D748FFA27D64D43006CBA91 /* BaseView.swift */ = {isa = PBXFileReference; lastKnownFileType = sourcecode.swift; path = BaseView.swift; sourceTree = "<group>"; };
		6D74901227D65F3B006CBA91 /* Ext+String.swift */ = {isa = PBXFileReference; fileEncoding = 4; lastKnownFileType = sourcecode.swift; path = "Ext+String.swift"; sourceTree = "<group>"; };
		6D74901427D65F3B006CBA91 /* SafeIndex.swift */ = {isa = PBXFileReference; fileEncoding = 4; lastKnownFileType = sourcecode.swift; path = SafeIndex.swift; sourceTree = "<group>"; };
		6DBDF39927EF655A00CEEB08 /* LaunchView.storyboard */ = {isa = PBXFileReference; lastKnownFileType = file.storyboard; path = LaunchView.storyboard; sourceTree = "<group>"; };
		6DBDF39B27EF664D00CEEB08 /* Splash.xcassets */ = {isa = PBXFileReference; lastKnownFileType = folder.assetcatalog; path = Splash.xcassets; sourceTree = "<group>"; };
		6DBDF39D27EF665A00CEEB08 /* Splash.strings */ = {isa = PBXFileReference; lastKnownFileType = text.plist.strings; path = Splash.strings; sourceTree = "<group>"; };
		6DBDF3A327EF6FDD00CEEB08 /* SplashView.swift */ = {isa = PBXFileReference; lastKnownFileType = sourcecode.swift; path = SplashView.swift; sourceTree = "<group>"; };
		6DBDF3A527EF6FEB00CEEB08 /* SplashView.xib */ = {isa = PBXFileReference; lastKnownFileType = file.xib; path = SplashView.xib; sourceTree = "<group>"; };
		6DBDF3A727EF722E00CEEB08 /* SplashController.swift */ = {isa = PBXFileReference; lastKnownFileType = sourcecode.swift; path = SplashController.swift; sourceTree = "<group>"; };
		6DBDF3B227EF7CAE00CEEB08 /* SplashStateManager.swift */ = {isa = PBXFileReference; lastKnownFileType = sourcecode.swift; path = SplashStateManager.swift; sourceTree = "<group>"; };
		6DBDF3B427EF805000CEEB08 /* AppStorage.swift */ = {isa = PBXFileReference; lastKnownFileType = sourcecode.swift; path = AppStorage.swift; sourceTree = "<group>"; };
		6DBDF3BA27EF81FE00CEEB08 /* OnBoardingController.swift */ = {isa = PBXFileReference; lastKnownFileType = sourcecode.swift; path = OnBoardingController.swift; sourceTree = "<group>"; };
		6DBDF3BD27EF841400CEEB08 /* OnBoardingView.swift */ = {isa = PBXFileReference; lastKnownFileType = sourcecode.swift; path = OnBoardingView.swift; sourceTree = "<group>"; };
		6DBDF3BF27EF841C00CEEB08 /* OnBoardingView.xib */ = {isa = PBXFileReference; lastKnownFileType = file.xib; path = OnBoardingView.xib; sourceTree = "<group>"; };
		6DBDF3C127EF872D00CEEB08 /* OnBoarding.xcassets */ = {isa = PBXFileReference; lastKnownFileType = folder.assetcatalog; path = OnBoarding.xcassets; sourceTree = "<group>"; };
		6DBDF3C327EF873800CEEB08 /* OnBoarding.strings */ = {isa = PBXFileReference; lastKnownFileType = text.plist.strings; path = OnBoarding.strings; sourceTree = "<group>"; };
		6DBDF3D027EF90E700CEEB08 /* OnBoardingCollectionCell.swift */ = {isa = PBXFileReference; lastKnownFileType = sourcecode.swift; path = OnBoardingCollectionCell.swift; sourceTree = "<group>"; };
		6DBDF3D127EF90E700CEEB08 /* OnBoardingCollectionCell.xib */ = {isa = PBXFileReference; lastKnownFileType = file.xib; path = OnBoardingCollectionCell.xib; sourceTree = "<group>"; };
		6DBDF3DF27EF91BF00CEEB08 /* Ext+UICollectionViewCell.swift */ = {isa = PBXFileReference; lastKnownFileType = sourcecode.swift; path = "Ext+UICollectionViewCell.swift"; sourceTree = "<group>"; };
		6DBDF3E627EFC1F400CEEB08 /* OnBoardingStateManager.swift */ = {isa = PBXFileReference; lastKnownFileType = sourcecode.swift; path = OnBoardingStateManager.swift; sourceTree = "<group>"; };
		6DBDF3E827EFC8FC00CEEB08 /* Ext+UIApplication.swift */ = {isa = PBXFileReference; lastKnownFileType = sourcecode.swift; path = "Ext+UIApplication.swift"; sourceTree = "<group>"; };
/* End PBXFileReference section */

/* Begin PBXFrameworksBuildPhase section */
		6D748FAE27D63FF2006CBA91 /* Frameworks */ = {
			isa = PBXFrameworksBuildPhase;
			buildActionMask = 2147483647;
			files = (
				68C5A0342812192F00AC5F18 /* CoreTableView in Frameworks */,
			);
			runOnlyForDeploymentPostprocessing = 0;
		};
/* End PBXFrameworksBuildPhase section */

/* Begin PBXGroup section */
		6845E9432810D91E00B99024 /* Cell */ = {
			isa = PBXGroup;
			children = (
				68A9C1692815CB3C00FD264A /* Table */,
				68A9C16A2815CB4D00FD264A /* Collection */,
			);
			path = Cell;
			sourceTree = "<group>";
		};
		68A9C1692815CB3C00FD264A /* Table */ = {
			isa = PBXGroup;
			children = (
				683D00EB2815B1B800457827 /* MainMoodCell.swift */,
				683D00EC2815B1B800457827 /* MainMoodCell.xib */,
				683D00EF2815B1E400457827 /* SliderCell.swift */,
				683D00F02815B1E400457827 /* SliderCell.xib */,
				68A9C16F2815CCC900FD264A /* MoodDescriptionCell.swift */,
				68A9C1702815CCC900FD264A /* MoodDescriptionCell.xib */,
				68A9C1732815DB9A00FD264A /* MoodsCell.swift */,
				68A9C1742815DB9A00FD264A /* MoodsCell.xib */,
			);
			path = Table;
			sourceTree = "<group>";
		};
		68A9C16A2815CB4D00FD264A /* Collection */ = {
			isa = PBXGroup;
			children = (
				6845E9442810D94100B99024 /* MoodCell.swift */,
				6845E9452810D94100B99024 /* MoodCell.xib */,
			);
			path = Collection;
			sourceTree = "<group>";
		};
		68FCA6EE281090BC004EDCED /* MoodChooser */ = {
			isa = PBXGroup;
			children = (
				68FCA6F628109207004EDCED /* MoodChooser.strings */,
				68FCA6F828109216004EDCED /* MoodChooser.xcassets */,
				68FCA6F128109100004EDCED /* View */,
				68FCA6F0281090F9004EDCED /* Manager */,
				68FCA6EF281090EF004EDCED /* Controller */,
			);
			path = MoodChooser;
			sourceTree = "<group>";
		};
		68FCA6EF281090EF004EDCED /* Controller */ = {
			isa = PBXGroup;
			children = (
				68FCA6FA281094B3004EDCED /* MoodChooserController.swift */,
			);
			path = Controller;
			sourceTree = "<group>";
		};
		68FCA6F0281090F9004EDCED /* Manager */ = {
			isa = PBXGroup;
			children = (
				68C5A03528121DF900AC5F18 /* MoodChooserManager.swift */,
			);
			path = Manager;
			sourceTree = "<group>";
		};
		68FCA6F128109100004EDCED /* View */ = {
			isa = PBXGroup;
			children = (
				6845E9432810D91E00B99024 /* Cell */,
				68FCA6F22810911A004EDCED /* MoodChooserView.swift */,
				68FCA6F428109126004EDCED /* MoodChooserView.xib */,
			);
			path = View;
			sourceTree = "<group>";
		};
		6D748FA827D63FF2006CBA91 = {
			isa = PBXGroup;
			children = (
				6D748FB327D63FF2006CBA91 /* moodify-ios */,
				6D748FB227D63FF2006CBA91 /* Products */,
			);
			sourceTree = "<group>";
		};
		6D748FB227D63FF2006CBA91 /* Products */ = {
			isa = PBXGroup;
			children = (
				6D748FB127D63FF2006CBA91 /* moodify-ios.app */,
			);
			name = Products;
			sourceTree = "<group>";
		};
		6D748FB327D63FF2006CBA91 /* moodify-ios */ = {
			isa = PBXGroup;
			children = (
				6D748FC227D63FF4006CBA91 /* Info.plist */,
				6D748FB427D63FF2006CBA91 /* AppDelegate.swift */,
				6D748FB627D63FF2006CBA91 /* SceneDelegate.swift */,
				6D748FC927D646E1006CBA91 /* Main */,
				6D748FC827D646DA006CBA91 /* Modules */,
			);
			path = "moodify-ios";
			sourceTree = "<group>";
		};
		6D748FC827D646DA006CBA91 /* Modules */ = {
			isa = PBXGroup;
			children = (
				6DBDF39627EF64AE00CEEB08 /* _Launch */,
				6DBDF3B627EF81A900CEEB08 /* OnBoarding */,
				68FCA6EE281090BC004EDCED /* MoodChooser */,
			);
			path = Modules;
			sourceTree = "<group>";
		};
		6D748FC927D646E1006CBA91 /* Main */ = {
			isa = PBXGroup;
			children = (
				6DBDF3B427EF805000CEEB08 /* AppStorage.swift */,
				6D748FBD27D63FF4006CBA91 /* Assets.xcassets */,
				6D748FF727D64D1C006CBA91 /* Base */,
				6D748FDA27D64A1A006CBA91 /* Extensions */,
				6D748FDB27D64B24006CBA91 /* Localize_Swift */,
				6D748FD127D64840006CBA91 /* UI_Colors */,
				6D748FD227D64849006CBA91 /* UI_Typography */,
			);
			path = Main;
			sourceTree = "<group>";
		};
		6D748FD127D64840006CBA91 /* UI_Colors */ = {
			isa = PBXGroup;
			children = (
				6D748FD627D64919006CBA91 /* UI_Colors.xcassets */,
				6D748FD327D64867006CBA91 /* UI_Colors.swift */,
			);
			path = UI_Colors;
			sourceTree = "<group>";
		};
		6D748FD227D64849006CBA91 /* UI_Typography */ = {
			isa = PBXGroup;
			children = (
				6D748FD827D64934006CBA91 /* UI_Typography.swift */,
			);
			path = UI_Typography;
			sourceTree = "<group>";
		};
		6D748FDA27D64A1A006CBA91 /* Extensions */ = {
			isa = PBXGroup;
			children = (
				6D74901227D65F3B006CBA91 /* Ext+String.swift */,
				6DBDF3E827EFC8FC00CEEB08 /* Ext+UIApplication.swift */,
				6DBDF3DF27EF91BF00CEEB08 /* Ext+UICollectionViewCell.swift */,
				6D748FF527D64D0D006CBA91 /* Ext+UIView.swift */,
				6D74901427D65F3B006CBA91 /* SafeIndex.swift */,
				68A9C1672815B7B600FD264A /* Ext+UITableViewCell.swift */,
			);
			path = Extensions;
			sourceTree = "<group>";
		};
		6D748FDB27D64B24006CBA91 /* Localize_Swift */ = {
			isa = PBXGroup;
			children = (
				6D748FDF27D64B49006CBA91 /* Localize.swift */,
				6D748FDD27D64B49006CBA91 /* String+LocalizeBundle.swift */,
				6D748FDC27D64B49006CBA91 /* String+LocalizedBundleTableName.swift */,
				6D748FDE27D64B49006CBA91 /* String+LocalizeTableName.swift */,
				6D748FE027D64B49006CBA91 /* UI */,
			);
			path = Localize_Swift;
			sourceTree = "<group>";
		};
		6D748FE027D64B49006CBA91 /* UI */ = {
			isa = PBXGroup;
			children = (
				6D748FE127D64B49006CBA91 /* IBDesignable+Localize.swift */,
			);
			path = UI;
			sourceTree = "<group>";
		};
		6D748FF727D64D1C006CBA91 /* Base */ = {
			isa = PBXGroup;
			children = (
				6D748FF827D64D2B006CBA91 /* BaseController.swift */,
				6D748FFA27D64D43006CBA91 /* BaseView.swift */,
			);
			path = Base;
			sourceTree = "<group>";
		};
		6DBDF39627EF64AE00CEEB08 /* _Launch */ = {
			isa = PBXGroup;
			children = (
				6DBDF39F27EF6F7300CEEB08 /* SplashScreen */,
				6DBDF3A027EF6F8900CEEB08 /* LaunchScreen */,
			);
			path = _Launch;
			sourceTree = "<group>";
		};
		6DBDF39F27EF6F7300CEEB08 /* SplashScreen */ = {
			isa = PBXGroup;
			children = (
				6DBDF39D27EF665A00CEEB08 /* Splash.strings */,
				6DBDF39B27EF664D00CEEB08 /* Splash.xcassets */,
				6DBDF3A227EF6FC800CEEB08 /* Controller */,
				6DBDF3B127EF7C9400CEEB08 /* Manager */,
				6DBDF3A127EF6FC400CEEB08 /* View */,
			);
			path = SplashScreen;
			sourceTree = "<group>";
		};
		6DBDF3A027EF6F8900CEEB08 /* LaunchScreen */ = {
			isa = PBXGroup;
			children = (
				6DBDF39927EF655A00CEEB08 /* LaunchView.storyboard */,
			);
			path = LaunchScreen;
			sourceTree = "<group>";
		};
		6DBDF3A127EF6FC400CEEB08 /* View */ = {
			isa = PBXGroup;
			children = (
				6DBDF3A327EF6FDD00CEEB08 /* SplashView.swift */,
				6DBDF3A527EF6FEB00CEEB08 /* SplashView.xib */,
			);
			path = View;
			sourceTree = "<group>";
		};
		6DBDF3A227EF6FC800CEEB08 /* Controller */ = {
			isa = PBXGroup;
			children = (
				6DBDF3A727EF722E00CEEB08 /* SplashController.swift */,
			);
			path = Controller;
			sourceTree = "<group>";
		};
		6DBDF3B127EF7C9400CEEB08 /* Manager */ = {
			isa = PBXGroup;
			children = (
				6DBDF3B227EF7CAE00CEEB08 /* SplashStateManager.swift */,
			);
			path = Manager;
			sourceTree = "<group>";
		};
		6DBDF3B627EF81A900CEEB08 /* OnBoarding */ = {
			isa = PBXGroup;
			children = (
				6DBDF3C327EF873800CEEB08 /* OnBoarding.strings */,
				6DBDF3C127EF872D00CEEB08 /* OnBoarding.xcassets */,
				6DBDF3B827EF81DC00CEEB08 /* Controller */,
				6DBDF3E527EFC1DD00CEEB08 /* Manager */,
				6DBDF3BC27EF83FF00CEEB08 /* View */,
			);
			path = OnBoarding;
			sourceTree = "<group>";
		};
		6DBDF3B827EF81DC00CEEB08 /* Controller */ = {
			isa = PBXGroup;
			children = (
				6DBDF3BA27EF81FE00CEEB08 /* OnBoardingController.swift */,
			);
			path = Controller;
			sourceTree = "<group>";
		};
		6DBDF3BC27EF83FF00CEEB08 /* View */ = {
			isa = PBXGroup;
			children = (
				6DBDF3C527EF8FE700CEEB08 /* Cells */,
				6DBDF3BD27EF841400CEEB08 /* OnBoardingView.swift */,
				6DBDF3BF27EF841C00CEEB08 /* OnBoardingView.xib */,
			);
			path = View;
			sourceTree = "<group>";
		};
		6DBDF3C527EF8FE700CEEB08 /* Cells */ = {
			isa = PBXGroup;
			children = (
				6DBDF3C627EF8FED00CEEB08 /* OnBoardingCollectionCell */,
			);
			path = Cells;
			sourceTree = "<group>";
		};
		6DBDF3C627EF8FED00CEEB08 /* OnBoardingCollectionCell */ = {
			isa = PBXGroup;
			children = (
				6DBDF3D027EF90E700CEEB08 /* OnBoardingCollectionCell.swift */,
				6DBDF3D127EF90E700CEEB08 /* OnBoardingCollectionCell.xib */,
			);
			path = OnBoardingCollectionCell;
			sourceTree = "<group>";
		};
		6DBDF3E527EFC1DD00CEEB08 /* Manager */ = {
			isa = PBXGroup;
			children = (
				6DBDF3E627EFC1F400CEEB08 /* OnBoardingStateManager.swift */,
			);
			path = Manager;
			sourceTree = "<group>";
		};
/* End PBXGroup section */

/* Begin PBXNativeTarget section */
		6D748FB027D63FF2006CBA91 /* moodify-ios */ = {
			isa = PBXNativeTarget;
			buildConfigurationList = 6D748FC527D63FF4006CBA91 /* Build configuration list for PBXNativeTarget "moodify-ios" */;
			buildPhases = (
				6D748FAD27D63FF2006CBA91 /* Sources */,
				6D748FAE27D63FF2006CBA91 /* Frameworks */,
				6D748FAF27D63FF2006CBA91 /* Resources */,
			);
			buildRules = (
			);
			dependencies = (
			);
			name = "moodify-ios";
			packageProductDependencies = (
				68C5A0332812192F00AC5F18 /* CoreTableView */,
			);
			productName = "moodify-ios";
			productReference = 6D748FB127D63FF2006CBA91 /* moodify-ios.app */;
			productType = "com.apple.product-type.application";
		};
/* End PBXNativeTarget section */

/* Begin PBXProject section */
		6D748FA927D63FF2006CBA91 /* Project object */ = {
			isa = PBXProject;
			attributes = {
				BuildIndependentTargetsInParallel = 1;
				LastSwiftUpdateCheck = 1320;
				LastUpgradeCheck = 1320;
				TargetAttributes = {
					6D748FB027D63FF2006CBA91 = {
						CreatedOnToolsVersion = 13.2.1;
					};
				};
			};
			buildConfigurationList = 6D748FAC27D63FF2006CBA91 /* Build configuration list for PBXProject "moodify-ios" */;
			compatibilityVersion = "Xcode 13.0";
			developmentRegion = en;
			hasScannedForEncodings = 0;
			knownRegions = (
				en,
			);
			mainGroup = 6D748FA827D63FF2006CBA91;
			packageReferences = (
				68C5A0322812192F00AC5F18 /* XCRemoteSwiftPackageReference "CoreTableView" */,
			);
			productRefGroup = 6D748FB227D63FF2006CBA91 /* Products */;
			projectDirPath = "";
			projectRoot = "";
			targets = (
				6D748FB027D63FF2006CBA91 /* moodify-ios */,
			);
		};
/* End PBXProject section */

/* Begin PBXResourcesBuildPhase section */
		6D748FAF27D63FF2006CBA91 /* Resources */ = {
			isa = PBXResourcesBuildPhase;
			buildActionMask = 2147483647;
			files = (
				6DBDF3C027EF841C00CEEB08 /* OnBoardingView.xib in Resources */,
				6DBDF3C427EF873800CEEB08 /* OnBoarding.strings in Resources */,
				683D00F22815B1E400457827 /* SliderCell.xib in Resources */,
				6DBDF3D327EF90E700CEEB08 /* OnBoardingCollectionCell.xib in Resources */,
				6D748FD727D64919006CBA91 /* UI_Colors.xcassets in Resources */,
				68FCA6F528109126004EDCED /* MoodChooserView.xib in Resources */,
				68FCA6F928109216004EDCED /* MoodChooser.xcassets in Resources */,
				6DBDF3C227EF872D00CEEB08 /* OnBoarding.xcassets in Resources */,
				6DBDF3A627EF6FEB00CEEB08 /* SplashView.xib in Resources */,
				6845E9472810D94100B99024 /* MoodCell.xib in Resources */,
				68A9C1762815DB9A00FD264A /* MoodsCell.xib in Resources */,
				6DBDF39A27EF655A00CEEB08 /* LaunchView.storyboard in Resources */,
				6DBDF39C27EF664D00CEEB08 /* Splash.xcassets in Resources */,
				68FCA6F728109207004EDCED /* MoodChooser.strings in Resources */,
				6DBDF39E27EF665A00CEEB08 /* Splash.strings in Resources */,
				68A9C1722815CCC900FD264A /* MoodDescriptionCell.xib in Resources */,
				683D00EE2815B1B800457827 /* MainMoodCell.xib in Resources */,
				6D748FBE27D63FF4006CBA91 /* Assets.xcassets in Resources */,
			);
			runOnlyForDeploymentPostprocessing = 0;
		};
/* End PBXResourcesBuildPhase section */

/* Begin PBXSourcesBuildPhase section */
		6D748FAD27D63FF2006CBA91 /* Sources */ = {
			isa = PBXSourcesBuildPhase;
			buildActionMask = 2147483647;
			files = (
				6DBDF3E927EFC8FC00CEEB08 /* Ext+UIApplication.swift in Sources */,
				6DBDF3E727EFC1F400CEEB08 /* OnBoardingStateManager.swift in Sources */,
				6DBDF3B527EF805000CEEB08 /* AppStorage.swift in Sources */,
				6D748FE527D64B49006CBA91 /* Localize.swift in Sources */,
				68A9C1682815B7B600FD264A /* Ext+UITableViewCell.swift in Sources */,
				68FCA6FB281094B3004EDCED /* MoodChooserController.swift in Sources */,
				68A9C1752815DB9A00FD264A /* MoodsCell.swift in Sources */,
				6D748FE627D64B49006CBA91 /* IBDesignable+Localize.swift in Sources */,
				6D748FE327D64B49006CBA91 /* String+LocalizeBundle.swift in Sources */,
				6D748FD927D64934006CBA91 /* UI_Typography.swift in Sources */,
				6D748FB527D63FF2006CBA91 /* AppDelegate.swift in Sources */,
				6D748FE227D64B49006CBA91 /* String+LocalizedBundleTableName.swift in Sources */,
				6D748FF927D64D2B006CBA91 /* BaseController.swift in Sources */,
				6DBDF3BB27EF81FE00CEEB08 /* OnBoardingController.swift in Sources */,
				6DBDF3BE27EF841400CEEB08 /* OnBoardingView.swift in Sources */,
				6DBDF3E027EF91BF00CEEB08 /* Ext+UICollectionViewCell.swift in Sources */,
				6DBDF3A827EF722E00CEEB08 /* SplashController.swift in Sources */,
				6DBDF3B327EF7CAE00CEEB08 /* SplashStateManager.swift in Sources */,
				683D00F12815B1E400457827 /* SliderCell.swift in Sources */,
				683D00ED2815B1B800457827 /* MainMoodCell.swift in Sources */,
				68A9C1712815CCC900FD264A /* MoodDescriptionCell.swift in Sources */,
				68C5A03628121DF900AC5F18 /* MoodChooserManager.swift in Sources */,
				6DBDF3A427EF6FDD00CEEB08 /* SplashView.swift in Sources */,
				6D748FF627D64D0D006CBA91 /* Ext+UIView.swift in Sources */,
				68FCA6F32810911A004EDCED /* MoodChooserView.swift in Sources */,
				6D748FD427D64867006CBA91 /* UI_Colors.swift in Sources */,
				6D74902A27D65F3B006CBA91 /* SafeIndex.swift in Sources */,
				6D748FB727D63FF2006CBA91 /* SceneDelegate.swift in Sources */,
				6D748FE427D64B49006CBA91 /* String+LocalizeTableName.swift in Sources */,
				6845E9462810D94100B99024 /* MoodCell.swift in Sources */,
				6D74902827D65F3B006CBA91 /* Ext+String.swift in Sources */,
				6DBDF3D227EF90E700CEEB08 /* OnBoardingCollectionCell.swift in Sources */,
				6D748FFB27D64D43006CBA91 /* BaseView.swift in Sources */,
			);
			runOnlyForDeploymentPostprocessing = 0;
		};
/* End PBXSourcesBuildPhase section */

/* Begin XCBuildConfiguration section */
		6D748FC327D63FF4006CBA91 /* Debug */ = {
			isa = XCBuildConfiguration;
			buildSettings = {
				ALWAYS_SEARCH_USER_PATHS = NO;
				CLANG_ANALYZER_NONNULL = YES;
				CLANG_ANALYZER_NUMBER_OBJECT_CONVERSION = YES_AGGRESSIVE;
				CLANG_CXX_LANGUAGE_STANDARD = "gnu++17";
				CLANG_CXX_LIBRARY = "libc++";
				CLANG_ENABLE_MODULES = YES;
				CLANG_ENABLE_OBJC_ARC = YES;
				CLANG_ENABLE_OBJC_WEAK = YES;
				CLANG_WARN_BLOCK_CAPTURE_AUTORELEASING = YES;
				CLANG_WARN_BOOL_CONVERSION = YES;
				CLANG_WARN_COMMA = YES;
				CLANG_WARN_CONSTANT_CONVERSION = YES;
				CLANG_WARN_DEPRECATED_OBJC_IMPLEMENTATIONS = YES;
				CLANG_WARN_DIRECT_OBJC_ISA_USAGE = YES_ERROR;
				CLANG_WARN_DOCUMENTATION_COMMENTS = YES;
				CLANG_WARN_EMPTY_BODY = YES;
				CLANG_WARN_ENUM_CONVERSION = YES;
				CLANG_WARN_INFINITE_RECURSION = YES;
				CLANG_WARN_INT_CONVERSION = YES;
				CLANG_WARN_NON_LITERAL_NULL_CONVERSION = YES;
				CLANG_WARN_OBJC_IMPLICIT_RETAIN_SELF = YES;
				CLANG_WARN_OBJC_LITERAL_CONVERSION = YES;
				CLANG_WARN_OBJC_ROOT_CLASS = YES_ERROR;
				CLANG_WARN_QUOTED_INCLUDE_IN_FRAMEWORK_HEADER = YES;
				CLANG_WARN_RANGE_LOOP_ANALYSIS = YES;
				CLANG_WARN_STRICT_PROTOTYPES = YES;
				CLANG_WARN_SUSPICIOUS_MOVE = YES;
				CLANG_WARN_UNGUARDED_AVAILABILITY = YES_AGGRESSIVE;
				CLANG_WARN_UNREACHABLE_CODE = YES;
				CLANG_WARN__DUPLICATE_METHOD_MATCH = YES;
				COPY_PHASE_STRIP = NO;
				DEBUG_INFORMATION_FORMAT = dwarf;
				ENABLE_STRICT_OBJC_MSGSEND = YES;
				ENABLE_TESTABILITY = YES;
				GCC_C_LANGUAGE_STANDARD = gnu11;
				GCC_DYNAMIC_NO_PIC = NO;
				GCC_NO_COMMON_BLOCKS = YES;
				GCC_OPTIMIZATION_LEVEL = 0;
				GCC_PREPROCESSOR_DEFINITIONS = (
					"DEBUG=1",
					"$(inherited)",
				);
				GCC_WARN_64_TO_32_BIT_CONVERSION = YES;
				GCC_WARN_ABOUT_RETURN_TYPE = YES_ERROR;
				GCC_WARN_UNDECLARED_SELECTOR = YES;
				GCC_WARN_UNINITIALIZED_AUTOS = YES_AGGRESSIVE;
				GCC_WARN_UNUSED_FUNCTION = YES;
				GCC_WARN_UNUSED_VARIABLE = YES;
				IPHONEOS_DEPLOYMENT_TARGET = 15.2;
				MTL_ENABLE_DEBUG_INFO = INCLUDE_SOURCE;
				MTL_FAST_MATH = YES;
				ONLY_ACTIVE_ARCH = YES;
				SDKROOT = iphoneos;
				SWIFT_ACTIVE_COMPILATION_CONDITIONS = DEBUG;
				SWIFT_OPTIMIZATION_LEVEL = "-Onone";
			};
			name = Debug;
		};
		6D748FC427D63FF4006CBA91 /* Release */ = {
			isa = XCBuildConfiguration;
			buildSettings = {
				ALWAYS_SEARCH_USER_PATHS = NO;
				CLANG_ANALYZER_NONNULL = YES;
				CLANG_ANALYZER_NUMBER_OBJECT_CONVERSION = YES_AGGRESSIVE;
				CLANG_CXX_LANGUAGE_STANDARD = "gnu++17";
				CLANG_CXX_LIBRARY = "libc++";
				CLANG_ENABLE_MODULES = YES;
				CLANG_ENABLE_OBJC_ARC = YES;
				CLANG_ENABLE_OBJC_WEAK = YES;
				CLANG_WARN_BLOCK_CAPTURE_AUTORELEASING = YES;
				CLANG_WARN_BOOL_CONVERSION = YES;
				CLANG_WARN_COMMA = YES;
				CLANG_WARN_CONSTANT_CONVERSION = YES;
				CLANG_WARN_DEPRECATED_OBJC_IMPLEMENTATIONS = YES;
				CLANG_WARN_DIRECT_OBJC_ISA_USAGE = YES_ERROR;
				CLANG_WARN_DOCUMENTATION_COMMENTS = YES;
				CLANG_WARN_EMPTY_BODY = YES;
				CLANG_WARN_ENUM_CONVERSION = YES;
				CLANG_WARN_INFINITE_RECURSION = YES;
				CLANG_WARN_INT_CONVERSION = YES;
				CLANG_WARN_NON_LITERAL_NULL_CONVERSION = YES;
				CLANG_WARN_OBJC_IMPLICIT_RETAIN_SELF = YES;
				CLANG_WARN_OBJC_LITERAL_CONVERSION = YES;
				CLANG_WARN_OBJC_ROOT_CLASS = YES_ERROR;
				CLANG_WARN_QUOTED_INCLUDE_IN_FRAMEWORK_HEADER = YES;
				CLANG_WARN_RANGE_LOOP_ANALYSIS = YES;
				CLANG_WARN_STRICT_PROTOTYPES = YES;
				CLANG_WARN_SUSPICIOUS_MOVE = YES;
				CLANG_WARN_UNGUARDED_AVAILABILITY = YES_AGGRESSIVE;
				CLANG_WARN_UNREACHABLE_CODE = YES;
				CLANG_WARN__DUPLICATE_METHOD_MATCH = YES;
				COPY_PHASE_STRIP = NO;
				DEBUG_INFORMATION_FORMAT = "dwarf-with-dsym";
				ENABLE_NS_ASSERTIONS = NO;
				ENABLE_STRICT_OBJC_MSGSEND = YES;
				GCC_C_LANGUAGE_STANDARD = gnu11;
				GCC_NO_COMMON_BLOCKS = YES;
				GCC_WARN_64_TO_32_BIT_CONVERSION = YES;
				GCC_WARN_ABOUT_RETURN_TYPE = YES_ERROR;
				GCC_WARN_UNDECLARED_SELECTOR = YES;
				GCC_WARN_UNINITIALIZED_AUTOS = YES_AGGRESSIVE;
				GCC_WARN_UNUSED_FUNCTION = YES;
				GCC_WARN_UNUSED_VARIABLE = YES;
				IPHONEOS_DEPLOYMENT_TARGET = 15.2;
				MTL_ENABLE_DEBUG_INFO = NO;
				MTL_FAST_MATH = YES;
				SDKROOT = iphoneos;
				SWIFT_COMPILATION_MODE = wholemodule;
				SWIFT_OPTIMIZATION_LEVEL = "-O";
				VALIDATE_PRODUCT = YES;
			};
			name = Release;
		};
		6D748FC627D63FF4006CBA91 /* Debug */ = {
			isa = XCBuildConfiguration;
			buildSettings = {
				ASSETCATALOG_COMPILER_APPICON_NAME = AppIcon;
				ASSETCATALOG_COMPILER_GLOBAL_ACCENT_COLOR_NAME = AccentColor;
				CODE_SIGN_STYLE = Automatic;
				CURRENT_PROJECT_VERSION = 1;
				DEVELOPMENT_TEAM = JJC3HHT8LN;
				GENERATE_INFOPLIST_FILE = YES;
				INFOPLIST_FILE = "moodify-ios/Info.plist";
				INFOPLIST_KEY_UIApplicationSupportsIndirectInputEvents = YES;
				INFOPLIST_KEY_UILaunchStoryboardName = LaunchView;
				INFOPLIST_KEY_UISupportedInterfaceOrientations_iPad = "UIInterfaceOrientationPortrait UIInterfaceOrientationPortraitUpsideDown UIInterfaceOrientationLandscapeLeft UIInterfaceOrientationLandscapeRight";
				INFOPLIST_KEY_UISupportedInterfaceOrientations_iPhone = "UIInterfaceOrientationPortrait UIInterfaceOrientationLandscapeLeft UIInterfaceOrientationLandscapeRight";
				IPHONEOS_DEPLOYMENT_TARGET = 15.2;
				LD_RUNPATH_SEARCH_PATHS = (
					"$(inherited)",
					"@executable_path/Frameworks",
				);
				MARKETING_VERSION = 1.0;
				PRODUCT_BUNDLE_IDENTIFIER = "ru.polykuzin.moodify-ios";
				PRODUCT_NAME = "$(TARGET_NAME)";
				SWIFT_EMIT_LOC_STRINGS = YES;
				SWIFT_VERSION = 5.0;
				TARGETED_DEVICE_FAMILY = "1,2";
			};
			name = Debug;
		};
		6D748FC727D63FF4006CBA91 /* Release */ = {
			isa = XCBuildConfiguration;
			buildSettings = {
				ASSETCATALOG_COMPILER_APPICON_NAME = AppIcon;
				ASSETCATALOG_COMPILER_GLOBAL_ACCENT_COLOR_NAME = AccentColor;
				CODE_SIGN_STYLE = Automatic;
				CURRENT_PROJECT_VERSION = 1;
				DEVELOPMENT_TEAM = JJC3HHT8LN;
				GENERATE_INFOPLIST_FILE = YES;
				INFOPLIST_FILE = "moodify-ios/Info.plist";
				INFOPLIST_KEY_UIApplicationSupportsIndirectInputEvents = YES;
				INFOPLIST_KEY_UILaunchStoryboardName = LaunchView;
				INFOPLIST_KEY_UISupportedInterfaceOrientations_iPad = "UIInterfaceOrientationPortrait UIInterfaceOrientationPortraitUpsideDown UIInterfaceOrientationLandscapeLeft UIInterfaceOrientationLandscapeRight";
				INFOPLIST_KEY_UISupportedInterfaceOrientations_iPhone = "UIInterfaceOrientationPortrait UIInterfaceOrientationLandscapeLeft UIInterfaceOrientationLandscapeRight";
				IPHONEOS_DEPLOYMENT_TARGET = 15.2;
				LD_RUNPATH_SEARCH_PATHS = (
					"$(inherited)",
					"@executable_path/Frameworks",
				);
				MARKETING_VERSION = 1.0;
				PRODUCT_BUNDLE_IDENTIFIER = "ru.polykuzin.moodify-ios";
				PRODUCT_NAME = "$(TARGET_NAME)";
				SWIFT_EMIT_LOC_STRINGS = YES;
				SWIFT_VERSION = 5.0;
				TARGETED_DEVICE_FAMILY = "1,2";
			};
			name = Release;
		};
/* End XCBuildConfiguration section */

/* Begin XCConfigurationList section */
		6D748FAC27D63FF2006CBA91 /* Build configuration list for PBXProject "moodify-ios" */ = {
			isa = XCConfigurationList;
			buildConfigurations = (
				6D748FC327D63FF4006CBA91 /* Debug */,
				6D748FC427D63FF4006CBA91 /* Release */,
			);
			defaultConfigurationIsVisible = 0;
			defaultConfigurationName = Release;
		};
		6D748FC527D63FF4006CBA91 /* Build configuration list for PBXNativeTarget "moodify-ios" */ = {
			isa = XCConfigurationList;
			buildConfigurations = (
				6D748FC627D63FF4006CBA91 /* Debug */,
				6D748FC727D63FF4006CBA91 /* Release */,
			);
			defaultConfigurationIsVisible = 0;
			defaultConfigurationName = Release;
		};
/* End XCConfigurationList section */

/* Begin XCRemoteSwiftPackageReference section */
		68C5A0322812192F00AC5F18 /* XCRemoteSwiftPackageReference "CoreTableView" */ = {
			isa = XCRemoteSwiftPackageReference;
			repositoryURL = "https://github.com/MosMetro-official/CoreTableView";
			requirement = {
				branch = main;
				kind = branch;
			};
		};
/* End XCRemoteSwiftPackageReference section */

/* Begin XCSwiftPackageProductDependency section */
		68C5A0332812192F00AC5F18 /* CoreTableView */ = {
			isa = XCSwiftPackageProductDependency;
			package = 68C5A0322812192F00AC5F18 /* XCRemoteSwiftPackageReference "CoreTableView" */;
			productName = CoreTableView;
		};
/* End XCSwiftPackageProductDependency section */
	};
	rootObject = 6D748FA927D63FF2006CBA91 /* Project object */;
}
